
Microsoft Visual Studio Solution File, Format Version 11.00
# Visual Studio 2010
Project("{FAE04EC0-301F-11D3-BF4B-00C04F79EFBC}") = "Cheque.Core", "Cheque.Core\Cheque.Core.csproj", "{4783E66C-DB34-44CA-9025-EC17656D4AA5}"
EndProject
Project("{FAE04EC0-301F-11D3-BF4B-00C04F79EFBC}") = "Cheque.GTK", "Cheque.GTK\Cheque.GTK.csproj", "{A4D4FCB5-D5AD-4058-A7AF-8980137FB297}"
EndProject
Global
	GlobalSection(SolutionConfigurationPlatforms) = preSolution
		Debug|x86 = Debug|x86
		Release|x86 = Release|x86
	EndGlobalSection
	GlobalSection(ProjectConfigurationPlatforms) = postSolution
		{4783E66C-DB34-44CA-9025-EC17656D4AA5}.Debug|x86.ActiveCfg = Debug|x86
		{4783E66C-DB34-44CA-9025-EC17656D4AA5}.Debug|x86.Build.0 = Debug|x86
		{4783E66C-DB34-44CA-9025-EC17656D4AA5}.Release|x86.ActiveCfg = Release|x86
		{4783E66C-DB34-44CA-9025-EC17656D4AA5}.Release|x86.Build.0 = Release|x86
		{A4D4FCB5-D5AD-4058-A7AF-8980137FB297}.Debug|x86.ActiveCfg = Debug|x86
		{A4D4FCB5-D5AD-4058-A7AF-8980137FB297}.Debug|x86.Build.0 = Debug|x86
		{A4D4FCB5-D5AD-4058-A7AF-8980137FB297}.Release|x86.ActiveCfg = Release|x86
		{A4D4FCB5-D5AD-4058-A7AF-8980137FB297}.Release|x86.Build.0 = Release|x86
	EndGlobalSection
	GlobalSection(MonoDevelopProperties) = preSolution
		StartupItem = Cheque.Core\Cheque.Core.csproj
	EndGlobalSection
EndGlobal
